
Microsoft Visual Studio Solution File, Format Version 12.00
# Visual Studio 15
VisualStudioVersion = 15.0.28307.645
MinimumVisualStudioVersion = 10.0.40219.1
Project("{FAE04EC0-301F-11D3-BF4B-00C04F79EFBC}") = "Host", "Host\Host.csproj", "{07DF8608-2578-477A-9F2C-DA510F6EC884}"
EndProject
Project("{FAE04EC0-301F-11D3-BF4B-00C04F79EFBC}") = "DiskInfo", "DiskInfo\DiskInfo.csproj", "{DA4BB38E-8956-496F-89CD-DA308ADA7D27}"
EndProject
Global
	GlobalSection(SolutionConfigurationPlatforms) = preSolution
		Debug|Any CPU = Debug|Any CPU
		Release|Any CPU = Release|Any CPU
	EndGlobalSection
	GlobalSection(ProjectConfigurationPlatforms) = postSolution
		{07DF8608-2578-477A-9F2C-DA510F6EC884}.Debug|Any CPU.ActiveCfg = Debug|Any CPU
		{07DF8608-2578-477A-9F2C-DA510F6EC884}.Debug|Any CPU.Build.0 = Debug|Any CPU
		{07DF8608-2578-477A-9F2C-DA510F6EC884}.Release|Any CPU.ActiveCfg = Release|Any CPU
		{07DF8608-2578-477A-9F2C-DA510F6EC884}.Release|Any CPU.Build.0 = Release|Any CPU
		{DA4BB38E-8956-496F-89CD-DA308ADA7D27}.Debug|Any CPU.ActiveCfg = Debug|Any CPU
		{DA4BB38E-8956-496F-89CD-DA308ADA7D27}.Debug|Any CPU.Build.0 = Debug|Any CPU
		{DA4BB38E-8956-496F-89CD-DA308ADA7D27}.Release|Any CPU.ActiveCfg = Release|Any CPU
		{DA4BB38E-8956-496F-89CD-DA308ADA7D27}.Release|Any CPU.Build.0 = Release|Any CPU
	EndGlobalSection
	GlobalSection(SolutionProperties) = preSolution
		HideSolutionNode = FALSE
	EndGlobalSection
	GlobalSection(ExtensibilityGlobals) = postSolution
		SolutionGuid = {703F844A-9E30-4CF2-ACEB-44F8B2C94602}
	EndGlobalSection
EndGlobal
